// !$*UTF8*$!
{
	archiveVersion = 1;
	classes = {
	};
	objectVersion = 77;
	objects = {

/* Begin PBXContainerItemProxy section */
		AE2BA7122DD2DBC900EB6E0C /* PBXContainerItemProxy */ = {
			isa = PBXContainerItemProxy;
			containerPortal = AE2BA6F32DD2DBC600EB6E0C /* Project object */;
			proxyType = 1;
			remoteGlobalIDString = AE2BA6FA2DD2DBC600EB6E0C;
			remoteInfo = "Concentration-myself-3";
		};
		AE2BA71C2DD2DBC900EB6E0C /* PBXContainerItemProxy */ = {
			isa = PBXContainerItemProxy;
			containerPortal = AE2BA6F32DD2DBC600EB6E0C /* Project object */;
			proxyType = 1;
			remoteGlobalIDString = AE2BA6FA2DD2DBC600EB6E0C;
			remoteInfo = "Concentration-myself-3";
		};
/* End PBXContainerItemProxy section */

/* Begin PBXFileReference section */
		AE2BA6FB2DD2DBC600EB6E0C /* Concentration-myself-3.app */ = {isa = PBXFileReference; explicitFileType = wrapper.application; includeInIndex = 0; path = "Concentration-myself-3.app"; sourceTree = BUILT_PRODUCTS_DIR; };
		AE2BA7112DD2DBC900EB6E0C /* Concentration-myself-3Tests.xctest */ = {isa = PBXFileReference; explicitFileType = wrapper.cfbundle; includeInIndex = 0; path = "Concentration-myself-3Tests.xctest"; sourceTree = BUILT_PRODUCTS_DIR; };
		AE2BA71B2DD2DBC900EB6E0C /* Concentration-myself-3UITests.xctest */ = {isa = PBXFileReference; explicitFileType = wrapper.cfbundle; includeInIndex = 0; path = "Concentration-myself-3UITests.xctest"; sourceTree = BUILT_PRODUCTS_DIR; };
/* End PBXFileReference section */

/* Begin PBXFileSystemSynchronizedBuildFileExceptionSet section */
		AE2BA7232DD2DBC900EB6E0C /* Exceptions for "Concentration-myself-3" folder in "Concentration-myself-3" target */ = {
			isa = PBXFileSystemSynchronizedBuildFileExceptionSet;
			membershipExceptions = (
				Info.plist,
			);
			target = AE2BA6FA2DD2DBC600EB6E0C /* Concentration-myself-3 */;
		};
/* End PBXFileSystemSynchronizedBuildFileExceptionSet section */

/* Begin PBXFileSystemSynchronizedRootGroup section */
		AE2BA6FD2DD2DBC600EB6E0C /* Concentration-myself-3 */ = {
			isa = PBXFileSystemSynchronizedRootGroup;
			exceptions = (
				AE2BA7232DD2DBC900EB6E0C /* Exceptions for "Concentration-myself-3" folder in "Concentration-myself-3" target */,
			);
			path = "Concentration-myself-3";
			sourceTree = "<group>";
		};
		AE2BA7142DD2DBC900EB6E0C /* Concentration-myself-3Tests */ = {
			isa = PBXFileSystemSynchronizedRootGroup;
			path = "Concentration-myself-3Tests";
			sourceTree = "<group>";
		};
		AE2BA71E2DD2DBC900EB6E0C /* Concentration-myself-3UITests */ = {
			isa = PBXFileSystemSynchronizedRootGroup;
			path = "Concentration-myself-3UITests";
			sourceTree = "<group>";
		};
/* End PBXFileSystemSynchronizedRootGroup section */

/* Begin PBXFrameworksBuildPhase section */
		AE2BA6F82DD2DBC600EB6E0C /* Frameworks */ = {
			isa = PBXFrameworksBuildPhase;
			buildActionMask = 2147483647;
			files = (
			);
			runOnlyForDeploymentPostprocessing = 0;
		};
		AE2BA70E2DD2DBC900EB6E0C /* Frameworks */ = {
			isa = PBXFrameworksBuildPhase;
			buildActionMask = 2147483647;
			files = (
			);
			runOnlyForDeploymentPostprocessing = 0;
		};
		AE2BA7182DD2DBC900EB6E0C /* Frameworks */ = {
			isa = PBXFrameworksBuildPhase;
			buildActionMask = 2147483647;
			files = (
			);
			runOnlyForDeploymentPostprocessing = 0;
		};
/* End PBXFrameworksBuildPhase section */

/* Begin PBXGroup section */
		AE2BA6F22DD2DBC600EB6E0C = {
			isa = PBXGroup;
			children = (
				AE2BA6FD2DD2DBC600EB6E0C /* Concentration-myself-3 */,
				AE2BA7142DD2DBC900EB6E0C /* Concentration-myself-3Tests */,
				AE2BA71E2DD2DBC900EB6E0C /* Concentration-myself-3UITests */,
				AE2BA6FC2DD2DBC600EB6E0C /* Products */,
			);
			sourceTree = "<group>";
		};
		AE2BA6FC2DD2DBC600EB6E0C /* Products */ = {
			isa = PBXGroup;
			children = (
				AE2BA6FB2DD2DBC600EB6E0C /* Concentration-myself-3.app */,
				AE2BA7112DD2DBC900EB6E0C /* Concentration-myself-3Tests.xctest */,
				AE2BA71B2DD2DBC900EB6E0C /* Concentration-myself-3UITests.xctest */,
			);
			name = Products;
			sourceTree = "<group>";
		};
/* End PBXGroup section */

/* Begin PBXNativeTarget section */
		AE2BA6FA2DD2DBC600EB6E0C /* Concentration-myself-3 */ = {
			isa = PBXNativeTarget;
			buildConfigurationList = AE2BA7242DD2DBC900EB6E0C /* Build configuration list for PBXNativeTarget "Concentration-myself-3" */;
			buildPhases = (
				AE2BA6F72DD2DBC600EB6E0C /* Sources */,
				AE2BA6F82DD2DBC600EB6E0C /* Frameworks */,
				AE2BA6F92DD2DBC600EB6E0C /* Resources */,
			);
			buildRules = (
			);
			dependencies = (
			);
			fileSystemSynchronizedGroups = (
				AE2BA6FD2DD2DBC600EB6E0C /* Concentration-myself-3 */,
			);
			name = "Concentration-myself-3";
			packageProductDependencies = (
			);
			productName = "Concentration-myself-3";
			productReference = AE2BA6FB2DD2DBC600EB6E0C /* Concentration-myself-3.app */;
			productType = "com.apple.product-type.application";
		};
		AE2BA7102DD2DBC900EB6E0C /* Concentration-myself-3Tests */ = {
			isa = PBXNativeTarget;
			buildConfigurationList = AE2BA7292DD2DBC900EB6E0C /* Build configuration list for PBXNativeTarget "Concentration-myself-3Tests" */;
			buildPhases = (
				AE2BA70D2DD2DBC900EB6E0C /* Sources */,
				AE2BA70E2DD2DBC900EB6E0C /* Frameworks */,
				AE2BA70F2DD2DBC900EB6E0C /* Resources */,
			);
			buildRules = (
			);
			dependencies = (
				AE2BA7132DD2DBC900EB6E0C /* PBXTargetDependency */,
			);
			fileSystemSynchronizedGroups = (
				AE2BA7142DD2DBC900EB6E0C /* Concentration-myself-3Tests */,
			);
			name = "Concentration-myself-3Tests";
			packageProductDependencies = (
			);
			productName = "Concentration-myself-3Tests";
			productReference = AE2BA7112DD2DBC900EB6E0C /* Concentration-myself-3Tests.xctest */;
			productType = "com.apple.product-type.bundle.unit-test";
		};
		AE2BA71A2DD2DBC900EB6E0C /* Concentration-myself-3UITests */ = {
			isa = PBXNativeTarget;
			buildConfigurationList = AE2BA72C2DD2DBC900EB6E0C /* Build configuration list for PBXNativeTarget "Concentration-myself-3UITests" */;
			buildPhases = (
				AE2BA7172DD2DBC900EB6E0C /* Sources */,
				AE2BA7182DD2DBC900EB6E0C /* Frameworks */,
				AE2BA7192DD2DBC900EB6E0C /* Resources */,
			);
			buildRules = (
			);
			dependencies = (
				AE2BA71D2DD2DBC900EB6E0C /* PBXTargetDependency */,
			);
			fileSystemSynchronizedGroups = (
				AE2BA71E2DD2DBC900EB6E0C /* Concentration-myself-3UITests */,
			);
			name = "Concentration-myself-3UITests";
			packageProductDependencies = (
			);
			productName = "Concentration-myself-3UITests";
			productReference = AE2BA71B2DD2DBC900EB6E0C /* Concentration-myself-3UITests.xctest */;
			productType = "com.apple.product-type.bundle.ui-testing";
		};
/* End PBXNativeTarget section */

/* Begin PBXProject section */
		AE2BA6F32DD2DBC600EB6E0C /* Project object */ = {
			isa = PBXProject;
			attributes = {
				BuildIndependentTargetsInParallel = 1;
				LastSwiftUpdateCheck = 1630;
				LastUpgradeCheck = 1630;
				TargetAttributes = {
					AE2BA6FA2DD2DBC600EB6E0C = {
						CreatedOnToolsVersion = 16.3;
					};
					AE2BA7102DD2DBC900EB6E0C = {
						CreatedOnToolsVersion = 16.3;
						TestTargetID = AE2BA6FA2DD2DBC600EB6E0C;
					};
					AE2BA71A2DD2DBC900EB6E0C = {
						CreatedOnToolsVersion = 16.3;
						TestTargetID = AE2BA6FA2DD2DBC600EB6E0C;
					};
				};
			};
			buildConfigurationList = AE2BA6F62DD2DBC600EB6E0C /* Build configuration list for PBXProject "Concentration-myself-3" */;
			developmentRegion = en;
			hasScannedForEncodings = 0;
			knownRegions = (
				en,
				Base,
			);
			mainGroup = AE2BA6F22DD2DBC600EB6E0C;
			minimizedProjectReferenceProxies = 1;
			preferredProjectObjectVersion = 77;
			productRefGroup = AE2BA6FC2DD2DBC600EB6E0C /* Products */;
			projectDirPath = "";
			projectRoot = "";
			targets = (
				AE2BA6FA2DD2DBC600EB6E0C /* Concentration-myself-3 */,
				AE2BA7102DD2DBC900EB6E0C /* Concentration-myself-3Tests */,
				AE2BA71A2DD2DBC900EB6E0C /* Concentration-myself-3UITests */,
			);
		};
/* End PBXProject section */

/* Begin PBXResourcesBuildPhase section */
		AE2BA6F92DD2DBC600EB6E0C /* Resources */ = {
			isa = PBXResourcesBuildPhase;
			buildActionMask = 2147483647;
			files = (
			);
			runOnlyForDeploymentPostprocessing = 0;
		};
		AE2BA70F2DD2DBC900EB6E0C /* Resources */ = {
			isa = PBXResourcesBuildPhase;
			buildActionMask = 2147483647;
			files = (
			);
			runOnlyForDeploymentPostprocessing = 0;
		};
		AE2BA7192DD2DBC900EB6E0C /* Resources */ = {
			isa = PBXResourcesBuildPhase;
			buildActionMask = 2147483647;
			files = (
			);
			runOnlyForDeploymentPostprocessing = 0;
		};
/* End PBXResourcesBuildPhase section */

/* Begin PBXSourcesBuildPhase section */
		AE2BA6F72DD2DBC600EB6E0C /* Sources */ = {
			isa = PBXSourcesBuildPhase;
			buildActionMask = 2147483647;
			files = (
			);
			runOnlyForDeploymentPostprocessing = 0;
		};
		AE2BA70D2DD2DBC900EB6E0C /* Sources */ = {
			isa = PBXSourcesBuildPhase;
			buildActionMask = 2147483647;
			files = (
			);
			runOnlyForDeploymentPostprocessing = 0;
		};
		AE2BA7172DD2DBC900EB6E0C /* Sources */ = {
			isa = PBXSourcesBuildPhase;
			buildActionMask = 2147483647;
			files = (
			);
			runOnlyForDeploymentPostprocessing = 0;
		};
/* End PBXSourcesBuildPhase section */

/* Begin PBXTargetDependency section */
		AE2BA7132DD2DBC900EB6E0C /* PBXTargetDependency */ = {
			isa = PBXTargetDependency;
			target = AE2BA6FA2DD2DBC600EB6E0C /* Concentration-myself-3 */;
			targetProxy = AE2BA7122DD2DBC900EB6E0C /* PBXContainerItemProxy */;
		};
		AE2BA71D2DD2DBC900EB6E0C /* PBXTargetDependency */ = {
			isa = PBXTargetDependency;
			target = AE2BA6FA2DD2DBC600EB6E0C /* Concentration-myself-3 */;
			targetProxy = AE2BA71C2DD2DBC900EB6E0C /* PBXContainerItemProxy */;
		};
/* End PBXTargetDependency section */

/* Begin XCBuildConfiguration section */
		AE2BA7252DD2DBC900EB6E0C /* Debug */ = {
			isa = XCBuildConfiguration;
			buildSettings = {
				ASSETCATALOG_COMPILER_APPICON_NAME = AppIcon;
				ASSETCATALOG_COMPILER_GLOBAL_ACCENT_COLOR_NAME = AccentColor;
				CODE_SIGN_STYLE = Automatic;
				CURRENT_PROJECT_VERSION = 1;
				DEVELOPMENT_TEAM = GMU6QZGG2Y;
				GENERATE_INFOPLIST_FILE = YES;
				INFOPLIST_FILE = "Concentration-myself-3/Info.plist";
				INFOPLIST_KEY_UIApplicationSupportsIndirectInputEvents = YES;
				INFOPLIST_KEY_UILaunchStoryboardName = LaunchScreen;
				INFOPLIST_KEY_UIMainStoryboardFile = Main;
				INFOPLIST_KEY_UISupportedInterfaceOrientations_iPad = "UIInterfaceOrientationPortrait UIInterfaceOrientationPortraitUpsideDown UIInterfaceOrientationLandscapeLeft UIInterfaceOrientationLandscapeRight";
				INFOPLIST_KEY_UISupportedInterfaceOrientations_iPhone = "UIInterfaceOrientationPortrait UIInterfaceOrientationLandscapeLeft UIInterfaceOrientationLandscapeRight";
				LD_RUNPATH_SEARCH_PATHS = (
					"$(inherited)",
					"@executable_path/Frameworks",
				);
				MARKETING_VERSION = 1.0;
				PRODUCT_BUNDLE_IDENTIFIER = "SJJC.Concentration-myself-3";
				PRODUCT_NAME = "$(TARGET_NAME)";
				SWIFT_EMIT_LOC_STRINGS = YES;
				SWIFT_VERSION = 5.0;
				TARGETED_DEVICE_FAMILY = "1,2";
			};
			name = Debug;
		};
		AE2BA7262DD2DBC900EB6E0C /* Release */ = {
			isa = XCBuildConfiguration;
			buildSettings = {
				ASSETCATALOG_COMPILER_APPICON_NAME = AppIcon;
				ASSETCATALOG_COMPILER_GLOBAL_ACCENT_COLOR_NAME = AccentColor;
				CODE_SIGN_STYLE = Automatic;
				CURRENT_PROJECT_VERSION = 1;
				DEVELOPMENT_TEAM = GMU6QZGG2Y;
				GENERATE_INFOPLIST_FILE = YES;
				INFOPLIST_FILE = "Concentration-myself-3/Info.plist";
				INFOPLIST_KEY_UIApplicationSupportsIndirectInputEvents = YES;
				INFOPLIST_KEY_UILaunchStoryboardName = LaunchScreen;
				INFOPLIST_KEY_UIMainStoryboardFile = Main;
				INFOPLIST_KEY_UISupportedInterfaceOrientations_iPad = "UIInterfaceOrientationPortrait UIInterfaceOrientationPortraitUpsideDown UIInterfaceOrientationLandscapeLeft UIInterfaceOrientationLandscapeRight";
				INFOPLIST_KEY_UISupportedInterfaceOrientations_iPhone = "UIInterfaceOrientationPortrait UIInterfaceOrientationLandscapeLeft UIInterfaceOrientationLandscapeRight";
				LD_RUNPATH_SEARCH_PATHS = (
					"$(inherited)",
					"@executable_path/Frameworks",
				);
				MARKETING_VERSION = 1.0;
				PRODUCT_BUNDLE_IDENTIFIER = "SJJC.Concentration-myself-3";
				PRODUCT_NAME = "$(TARGET_NAME)";
				SWIFT_EMIT_LOC_STRINGS = YES;
				SWIFT_VERSION = 5.0;
				TARGETED_DEVICE_FAMILY = "1,2";
			};
			name = Release;
		};
		AE2BA7272DD2DBC900EB6E0C /* Debug */ = {
			isa = XCBuildConfiguration;
			buildSettings = {
				ALWAYS_SEARCH_USER_PATHS = NO;
				ASSETCATALOG_COMPILER_GENERATE_SWIFT_ASSET_SYMBOL_EXTENSIONS = YES;
				CLANG_ANALYZER_NONNULL = YES;
				CLANG_ANALYZER_NUMBER_OBJECT_CONVERSION = YES_AGGRESSIVE;
				CLANG_CXX_LANGUAGE_STANDARD = "gnu++20";
				CLANG_ENABLE_MODULES = YES;
				CLANG_ENABLE_OBJC_ARC = YES;
				CLANG_ENABLE_OBJC_WEAK = YES;
				CLANG_WARN_BLOCK_CAPTURE_AUTORELEASING = YES;
				CLANG_WARN_BOOL_CONVERSION = YES;
				CLANG_WARN_COMMA = YES;
				CLANG_WARN_CONSTANT_CONVERSION = YES;
				CLANG_WARN_DEPRECATED_OBJC_IMPLEMENTATIONS = YES;
				CLANG_WARN_DIRECT_OBJC_ISA_USAGE = YES_ERROR;
				CLANG_WARN_DOCUMENTATION_COMMENTS = YES;
				CLANG_WARN_EMPTY_BODY = YES;
				CLANG_WARN_ENUM_CONVERSION = YES;
				CLANG_WARN_INFINITE_RECURSION = YES;
				CLANG_WARN_INT_CONVERSION = YES;
				CLANG_WARN_NON_LITERAL_NULL_CONVERSION = YES;
				CLANG_WARN_OBJC_IMPLICIT_RETAIN_SELF = YES;
				CLANG_WARN_OBJC_LITERAL_CONVERSION = YES;
				CLANG_WARN_OBJC_ROOT_CLASS = YES_ERROR;
				CLANG_WARN_QUOTED_INCLUDE_IN_FRAMEWORK_HEADER = YES;
				CLANG_WARN_RANGE_LOOP_ANALYSIS = YES;
				CLANG_WARN_STRICT_PROTOTYPES = YES;
				CLANG_WARN_SUSPICIOUS_MOVE = YES;
				CLANG_WARN_UNGUARDED_AVAILABILITY = YES_AGGRESSIVE;
				CLANG_WARN_UNREACHABLE_CODE = YES;
				CLANG_WARN__DUPLICATE_METHOD_MATCH = YES;
				COPY_PHASE_STRIP = NO;
				DEBUG_INFORMATION_FORMAT = dwarf;
				DEVELOPMENT_TEAM = GMU6QZGG2Y;
				ENABLE_STRICT_OBJC_MSGSEND = YES;
				ENABLE_TESTABILITY = YES;
				ENABLE_USER_SCRIPT_SANDBOXING = YES;
				GCC_C_LANGUAGE_STANDARD = gnu17;
				GCC_DYNAMIC_NO_PIC = NO;
				GCC_NO_COMMON_BLOCKS = YES;
				GCC_OPTIMIZATION_LEVEL = 0;
				GCC_PREPROCESSOR_DEFINITIONS = (
					"DEBUG=1",
					"$(inherited)",
				);
				GCC_WARN_64_TO_32_BIT_CONVERSION = YES;
				GCC_WARN_ABOUT_RETURN_TYPE = YES_ERROR;
				GCC_WARN_UNDECLARED_SELECTOR = YES;
				GCC_WARN_UNINITIALIZED_AUTOS = YES_AGGRESSIVE;
				GCC_WARN_UNUSED_FUNCTION = YES;
				GCC_WARN_UNUSED_VARIABLE = YES;
				IPHONEOS_DEPLOYMENT_TARGET = 18.4;
				LOCALIZATION_PREFERS_STRING_CATALOGS = YES;
				MTL_ENABLE_DEBUG_INFO = INCLUDE_SOURCE;
				MTL_FAST_MATH = YES;
				ONLY_ACTIVE_ARCH = YES;
				SDKROOT = iphoneos;
				SWIFT_ACTIVE_COMPILATION_CONDITIONS = "DEBUG $(inherited)";
				SWIFT_OPTIMIZATION_LEVEL = "-Onone";
			};
			name = Debug;
		};
		AE2BA7282DD2DBC900EB6E0C /* Release */ = {
			isa = XCBuildConfiguration;
			buildSettings = {
				ALWAYS_SEARCH_USER_PATHS = NO;
				ASSETCATALOG_COMPILER_GENERATE_SWIFT_ASSET_SYMBOL_EXTENSIONS = YES;
				CLANG_ANALYZER_NONNULL = YES;
				CLANG_ANALYZER_NUMBER_OBJECT_CONVERSION = YES_AGGRESSIVE;
				CLANG_CXX_LANGUAGE_STANDARD = "gnu++20";
				CLANG_ENABLE_MODULES = YES;
				CLANG_ENABLE_OBJC_ARC = YES;
				CLANG_ENABLE_OBJC_WEAK = YES;
				CLANG_WARN_BLOCK_CAPTURE_AUTORELEASING = YES;
				CLANG_WARN_BOOL_CONVERSION = YES;
				CLANG_WARN_COMMA = YES;
				CLANG_WARN_CONSTANT_CONVERSION = YES;
				CLANG_WARN_DEPRECATED_OBJC_IMPLEMENTATIONS = YES;
				CLANG_WARN_DIRECT_OBJC_ISA_USAGE = YES_ERROR;
				CLANG_WARN_DOCUMENTATION_COMMENTS = YES;
				CLANG_WARN_EMPTY_BODY = YES;
				CLANG_WARN_ENUM_CONVERSION = YES;
				CLANG_WARN_INFINITE_RECURSION = YES;
				CLANG_WARN_INT_CONVERSION = YES;
				CLANG_WARN_NON_LITERAL_NULL_CONVERSION = YES;
				CLANG_WARN_OBJC_IMPLICIT_RETAIN_SELF = YES;
				CLANG_WARN_OBJC_LITERAL_CONVERSION = YES;
				CLANG_WARN_OBJC_ROOT_CLASS = YES_ERROR;
				CLANG_WARN_QUOTED_INCLUDE_IN_FRAMEWORK_HEADER = YES;
				CLANG_WARN_RANGE_LOOP_ANALYSIS = YES;
				CLANG_WARN_STRICT_PROTOTYPES = YES;
				CLANG_WARN_SUSPICIOUS_MOVE = YES;
				CLANG_WARN_UNGUARDED_AVAILABILITY = YES_AGGRESSIVE;
				CLANG_WARN_UNREACHABLE_CODE = YES;
				CLANG_WARN__DUPLICATE_METHOD_MATCH = YES;
				COPY_PHASE_STRIP = NO;
				DEBUG_INFORMATION_FORMAT = "dwarf-with-dsym";
				DEVELOPMENT_TEAM = GMU6QZGG2Y;
				ENABLE_NS_ASSERTIONS = NO;
				ENABLE_STRICT_OBJC_MSGSEND = YES;
				ENABLE_USER_SCRIPT_SANDBOXING = YES;
				GCC_C_LANGUAGE_STANDARD = gnu17;
				GCC_NO_COMMON_BLOCKS = YES;
				GCC_WARN_64_TO_32_BIT_CONVERSION = YES;
				GCC_WARN_ABOUT_RETURN_TYPE = YES_ERROR;
				GCC_WARN_UNDECLARED_SELECTOR = YES;
				GCC_WARN_UNINITIALIZED_AUTOS = YES_AGGRESSIVE;
				GCC_WARN_UNUSED_FUNCTION = YES;
				GCC_WARN_UNUSED_VARIABLE = YES;
				IPHONEOS_DEPLOYMENT_TARGET = 18.4;
				LOCALIZATION_PREFERS_STRING_CATALOGS = YES;
				MTL_ENABLE_DEBUG_INFO = NO;
				MTL_FAST_MATH = YES;
				SDKROOT = iphoneos;
				SWIFT_COMPILATION_MODE = wholemodule;
				VALIDATE_PRODUCT = YES;
			};
			name = Release;
		};
		AE2BA72A2DD2DBC900EB6E0C /* Debug */ = {
			isa = XCBuildConfiguration;
			buildSettings = {
				BUNDLE_LOADER = "$(TEST_HOST)";
				CODE_SIGN_STYLE = Automatic;
				CURRENT_PROJECT_VERSION = 1;
				DEVELOPMENT_TEAM = GMU6QZGG2Y;
				GENERATE_INFOPLIST_FILE = YES;
				IPHONEOS_DEPLOYMENT_TARGET = 18.4;
				MARKETING_VERSION = 1.0;
				PRODUCT_BUNDLE_IDENTIFIER = "SJJC.Concentration-myself-3Tests";
				PRODUCT_NAME = "$(TARGET_NAME)";
				SWIFT_EMIT_LOC_STRINGS = NO;
				SWIFT_VERSION = 5.0;
				TARGETED_DEVICE_FAMILY = "1,2";
				TEST_HOST = "$(BUILT_PRODUCTS_DIR)/Concentration-myself-3.app/$(BUNDLE_EXECUTABLE_FOLDER_PATH)/Concentration-myself-3";
			};
			name = Debug;
		};
		AE2BA72B2DD2DBC900EB6E0C /* Release */ = {
			isa = XCBuildConfiguration;
			buildSettings = {
				BUNDLE_LOADER = "$(TEST_HOST)";
				CODE_SIGN_STYLE = Automatic;
				CURRENT_PROJECT_VERSION = 1;
				DEVELOPMENT_TEAM = GMU6QZGG2Y;
				GENERATE_INFOPLIST_FILE = YES;
				IPHONEOS_DEPLOYMENT_TARGET = 18.4;
				MARKETING_VERSION = 1.0;
				PRODUCT_BUNDLE_IDENTIFIER = "SJJC.Concentration-myself-3Tests";
				PRODUCT_NAME = "$(TARGET_NAME)";
				SWIFT_EMIT_LOC_STRINGS = NO;
				SWIFT_VERSION = 5.0;
				TARGETED_DEVICE_FAMILY = "1,2";
				TEST_HOST = "$(BUILT_PRODUCTS_DIR)/Concentration-myself-3.app/$(BUNDLE_EXECUTABLE_FOLDER_PATH)/Concentration-myself-3";
			};
			name = Release;
		};
		AE2BA72D2DD2DBC900EB6E0C /* Debug */ = {
			isa = XCBuildConfiguration;
			buildSettings = {
				CODE_SIGN_STYLE = Automatic;
				CURRENT_PROJECT_VERSION = 1;
				DEVELOPMENT_TEAM = GMU6QZGG2Y;
				GENERATE_INFOPLIST_FILE = YES;
				MARKETING_VERSION = 1.0;
				PRODUCT_BUNDLE_IDENTIFIER = "SJJC.Concentration-myself-3UITests";
				PRODUCT_NAME = "$(TARGET_NAME)";
				SWIFT_EMIT_LOC_STRINGS = NO;
				SWIFT_VERSION = 5.0;
				TARGETED_DEVICE_FAMILY = "1,2";
				TEST_TARGET_NAME = "Concentration-myself-3";
			};
			name = Debug;
		};
		AE2BA72E2DD2DBC900EB6E0C /* Release */ = {
			isa = XCBuildConfiguration;
			buildSettings = {
				CODE_SIGN_STYLE = Automatic;
				CURRENT_PROJECT_VERSION = 1;
				DEVELOPMENT_TEAM = GMU6QZGG2Y;
				GENERATE_INFOPLIST_FILE = YES;
				MARKETING_VERSION = 1.0;
				PRODUCT_BUNDLE_IDENTIFIER = "SJJC.Concentration-myself-3UITests";
				PRODUCT_NAME = "$(TARGET_NAME)";
				SWIFT_EMIT_LOC_STRINGS = NO;
				SWIFT_VERSION = 5.0;
				TARGETED_DEVICE_FAMILY = "1,2";
				TEST_TARGET_NAME = "Concentration-myself-3";
			};
			name = Release;
		};
/* End XCBuildConfiguration section */

/* Begin XCConfigurationList section */
		AE2BA6F62DD2DBC600EB6E0C /* Build configuration list for PBXProject "Concentration-myself-3" */ = {
			isa = XCConfigurationList;
			buildConfigurations = (
				AE2BA7272DD2DBC900EB6E0C /* Debug */,
				AE2BA7282DD2DBC900EB6E0C /* Release */,
			);
			defaultConfigurationIsVisible = 0;
			defaultConfigurationName = Release;
		};
		AE2BA7242DD2DBC900EB6E0C /* Build configuration list for PBXNativeTarget "Concentration-myself-3" */ = {
			isa = XCConfigurationList;
			buildConfigurations = (
				AE2BA7252DD2DBC900EB6E0C /* Debug */,
				AE2BA7262DD2DBC900EB6E0C /* Release */,
			);
			defaultConfigurationIsVisible = 0;
			defaultConfigurationName = Release;
		};
		AE2BA7292DD2DBC900EB6E0C /* Build configuration list for PBXNativeTarget "Concentration-myself-3Tests" */ = {
			isa = XCConfigurationList;
			buildConfigurations = (
				AE2BA72A2DD2DBC900EB6E0C /* Debug */,
				AE2BA72B2DD2DBC900EB6E0C /* Release */,
			);
			defaultConfigurationIsVisible = 0;
			defaultConfigurationName = Release;
		};
		AE2BA72C2DD2DBC900EB6E0C /* Build configuration list for PBXNativeTarget "Concentration-myself-3UITests" */ = {
			isa = XCConfigurationList;
			buildConfigurations = (
				AE2BA72D2DD2DBC900EB6E0C /* Debug */,
				AE2BA72E2DD2DBC900EB6E0C /* Release */,
			);
			defaultConfigurationIsVisible = 0;
			defaultConfigurationName = Release;
		};
/* End XCConfigurationList section */
	};
	rootObject = AE2BA6F32DD2DBC600EB6E0C /* Project object */;
}
